Microsoft Visual Studio Solution File, Format Version 12.00
# Visual Studio Version 17
VisualStudioVersion = 17.5.2.0
MinimumVisualStudioVersion = 10.0.40219.1
Project("{FAE04EC0-301F-11D3-BF4B-00C04F79EFBC}") = "DevOps8", "DevOps8.csproj", "{5AF7DA76-6886-7B5D-45EA-C4CFCB46A77D}"
EndProject
Global
	GlobalSection(SolutionConfigurationPlatforms) = preSolution
		Debug|Any CPU = Debug|Any CPU
		Release|Any CPU = Release|Any CPU
	EndGlobalSection
	GlobalSection(ProjectConfigurationPlatforms) = postSolution
		{5AF7DA76-6886-7B5D-45EA-C4CFCB46A77D}.Debug|Any CPU.ActiveCfg = Debug|Any CPU
		{5AF7DA76-6886-7B5D-45EA-C4CFCB46A77D}.Debug|Any CPU.Build.0 = Debug|Any CPU
		{5AF7DA76-6886-7B5D-45EA-C4CFCB46A77D}.Release|Any CPU.ActiveCfg = Release|Any CPU
		{5AF7DA76-6886-7B5D-45EA-C4CFCB46A77D}.Release|Any CPU.Build.0 = Release|Any CPU
	EndGlobalSection
	GlobalSection(SolutionProperties) = preSolution
		HideSolutionNode = FALSE
	EndGlobalSection
	GlobalSection(ExtensibilityGlobals) = postSolution
		SolutionGuid = {EC448BE4-CCF8-47D1-AA7A-6DD2B574E220}
	EndGlobalSection
EndGlobal
